{
  "name": "kvist-lang-website",
  "lockfileVersion": 3,
  "requires": true,
  "packages": {
    "": {
      "name": "kvist-lang-website",
      "dependencies": {
        "highlight.js": "11.12.0",
        "highlightjs-odinlang": "1.4.0",
        "marked": "18.0.11"
      },
      "engines": {
        "node": ">=20"
      }
    },
    "node_modules/highlight.js": {
      "version": "11.12.0",
      "resolved": "https://registry.npmjs.org/highlight.js/-/highlight.js-11.12.0.tgz",
      "integrity": "sha512-nbfWpyRMcMrPMmDwJB+dhX/eiaPKtc2RB+0QZskqJ3WjRA/FDS0e9hZrx8EC/lbEv8gXy98FcDbNa/dspAaJMg==",
      "license": "BSD-3-Clause",
      "engines": {
        "node": ">=12.0.0"
      }
    },
    "node_modules/highlightjs-odinlang": {
      "version": "1.4.0",
      "resolved": "https://registry.npmjs.org/highlightjs-odinlang/-/highlightjs-odinlang-1.4.0.tgz",
      "integrity": "sha512-VxB2YMIcTGY5D5Sf5QrP9q1eetckdiVfNxNiuB24187RFbVAzynJOjq2NDk53tcnS/SUvAEbw0yrMSR9zI7y+g==",
      "license": "MIT"
    },
    "node_modules/marked": {
      "version": "18.0.11",
      "resolved": "https://registry.npmjs.org/marked/-/marked-18.0.11.tgz",
      "integrity": "sha512-HnslJfsZkRPBDJRHvVtAaWlZHEpSu7u8LgQuJCELjRKuWR+hpq4A7sLq3p8HaI9ypVoXDXxV34CsQJEe1+J5Aw==",
      "license": "MIT",
      "bin": {
        "marked": "bin/marked.js"
      },
      "engines": {
        "node": ">= 20"
      }
    }
  }
}
